
Microsoft Visual Studio Solution File, Format Version 12.00
# Visual Studio Version 17
VisualStudioVersion = 17.7.34031.279
MinimumVisualStudioVersion = 10.0.40219.1
Project("{9A19103F-16F7-4668-BE54-9A1E7A4F7556}") = "DungeonApp", "DungeonApp\DungeonApp.csproj", "{DC2E7148-CBAB-4DA6-833F-7D1B120E8F40}"
EndProject
Project("{9A19103F-16F7-4668-BE54-9A1E7A4F7556}") = "PersonalDungeonApp", "PersonalDungeonApp\PersonalDungeonApp.csproj", "{2398B650-1046-440A-A6B9-91924C96F9BE}"
EndProject
Project("{9A19103F-16F7-4668-BE54-9A1E7A4F7556}") = "DungeonLibrary", "DungeonLibrary\DungeonLibrary.csproj", "{9C41ABA7-C089-45C2-80E7-C8AE58752741}"
EndProject
Project("{FAE04EC0-301F-11D3-BF4B-00C04F79EFBC}") = "UnitTesting", "UnitTesting\UnitTesting.csproj", "{74074375-575E-4FAB-BE81-F10DCDFCCBEB}"
EndProject
Global
	GlobalSection(SolutionConfigurationPlatforms) = preSolution
		Debug|Any CPU = Debug|Any CPU
		Release|Any CPU = Release|Any CPU
	EndGlobalSection
	GlobalSection(ProjectConfigurationPlatforms) = postSolution
		{DC2E7148-CBAB-4DA6-833F-7D1B120E8F40}.Debug|Any CPU.ActiveCfg = Debug|Any CPU
		{DC2E7148-CBAB-4DA6-833F-7D1B120E8F40}.Debug|Any CPU.Build.0 = Debug|Any CPU
		{DC2E7148-CBAB-4DA6-833F-7D1B120E8F40}.Release|Any CPU.ActiveCfg = Release|Any CPU
		{DC2E7148-CBAB-4DA6-833F-7D1B120E8F40}.Release|Any CPU.Build.0 = Release|Any CPU
		{2398B650-1046-440A-A6B9-91924C96F9BE}.Debug|Any CPU.ActiveCfg = Debug|Any CPU
		{2398B650-1046-440A-A6B9-91924C96F9BE}.Debug|Any CPU.Build.0 = Debug|Any CPU
		{2398B650-1046-440A-A6B9-91924C96F9BE}.Release|Any CPU.ActiveCfg = Release|Any CPU
		{2398B650-1046-440A-A6B9-91924C96F9BE}.Release|Any CPU.Build.0 = Release|Any CPU
		{9C41ABA7-C089-45C2-80E7-C8AE58752741}.Debug|Any CPU.ActiveCfg = Debug|Any CPU
		{9C41ABA7-C089-45C2-80E7-C8AE58752741}.Debug|Any CPU.Build.0 = Debug|Any CPU
		{9C41ABA7-C089-45C2-80E7-C8AE58752741}.Release|Any CPU.ActiveCfg = Release|Any CPU
		{9C41ABA7-C089-45C2-80E7-C8AE58752741}.Release|Any CPU.Build.0 = Release|Any CPU
		{74074375-575E-4FAB-BE81-F10DCDFCCBEB}.Debug|Any CPU.ActiveCfg = Debug|Any CPU
		{74074375-575E-4FAB-BE81-F10DCDFCCBEB}.Debug|Any CPU.Build.0 = Debug|Any CPU
		{74074375-575E-4FAB-BE81-F10DCDFCCBEB}.Release|Any CPU.ActiveCfg = Release|Any CPU
		{74074375-575E-4FAB-BE81-F10DCDFCCBEB}.Release|Any CPU.Build.0 = Release|Any CPU
	EndGlobalSection
	GlobalSection(SolutionProperties) = preSolution
		HideSolutionNode = FALSE
	EndGlobalSection
	GlobalSection(ExtensibilityGlobals) = postSolution
		SolutionGuid = {C47B394A-6AB2-4374-A067-7F220B464EBD}
	EndGlobalSection
EndGlobal
